
Microsoft Visual Studio Solution File, Format Version 12.00
# Visual Studio 15
Project("{FAE04EC0-301F-11D3-BF4B-00C04F79EFBC}") = "pickARv1.2", "pickARv1.2.csproj", "{096DB626-7826-1B81-143B-4BD364E08C8E}"
EndProject
Project("{FAE04EC0-301F-11D3-BF4B-00C04F79EFBC}") = "pickARv1.2.Editor", "pickARv1.2.Editor.csproj", "{6C59052B-A2EA-2FAD-AD9A-AD39A1364426}"
EndProject
Global
	GlobalSection(SolutionConfigurationPlatforms) = preSolution
		Debug|Any CPU = Debug|Any CPU
		Release|Any CPU = Release|Any CPU
	EndGlobalSection
	GlobalSection(ProjectConfigurationPlatforms) = postSolution
		{096DB626-7826-1B81-143B-4BD364E08C8E}.Debug|Any CPU.ActiveCfg = Debug|Any CPU
		{096DB626-7826-1B81-143B-4BD364E08C8E}.Debug|Any CPU.Build.0 = Debug|Any CPU
		{096DB626-7826-1B81-143B-4BD364E08C8E}.Release|Any CPU.ActiveCfg = Release|Any CPU
		{096DB626-7826-1B81-143B-4BD364E08C8E}.Release|Any CPU.Build.0 = Release|Any CPU
		{6C59052B-A2EA-2FAD-AD9A-AD39A1364426}.Debug|Any CPU.ActiveCfg = Debug|Any CPU
		{6C59052B-A2EA-2FAD-AD9A-AD39A1364426}.Debug|Any CPU.Build.0 = Debug|Any CPU
		{6C59052B-A2EA-2FAD-AD9A-AD39A1364426}.Release|Any CPU.ActiveCfg = Release|Any CPU
		{6C59052B-A2EA-2FAD-AD9A-AD39A1364426}.Release|Any CPU.Build.0 = Release|Any CPU
	EndGlobalSection
	GlobalSection(SolutionProperties) = preSolution
		HideSolutionNode = FALSE
	EndGlobalSection
EndGlobal
